// !$*UTF8*$!
{
	archiveVersion = 1;
	classes = {
	};
	objectVersion = 56;
	objects = {

/* Begin PBXBuildFile section */
		4A09817E2CD50ECA00B00025 /* AppDelegate.swift in Sources */ = {isa = PBXBuildFile; fileRef = 4A09817D2CD50ECA00B00025 /* AppDelegate.swift */; };
		4A0981802CD50ECA00B00025 /* SceneDelegate.swift in Sources */ = {isa = PBXBuildFile; fileRef = 4A09817F2CD50ECA00B00025 /* SceneDelegate.swift */; };
		4A0981852CD50ECA00B00025 /* Base in Resources */ = {isa = PBXBuildFile; fileRef = 4A0981842CD50ECA00B00025 /* Base */; };
		4A0981872CD50ECC00B00025 /* Assets.xcassets in Resources */ = {isa = PBXBuildFile; fileRef = 4A0981862CD50ECC00B00025 /* Assets.xcassets */; };
		4A09818A2CD50ECC00B00025 /* Base in Resources */ = {isa = PBXBuildFile; fileRef = 4A0981892CD50ECC00B00025 /* Base */; };
		4A2B2DBA2CEFB09D00775E06 /* UIImageColors.swift in Sources */ = {isa = PBXBuildFile; fileRef = 4A2B2DB92CEFB09D00775E06 /* UIImageColors.swift */; };
		4A2B2DBD2CF1F44200775E06 /* Koster.mp3 in Resources */ = {isa = PBXBuildFile; fileRef = 4A2B2DBB2CF1F44200775E06 /* Koster.mp3 */; };
		4A2B2DC02CF1F6FE00775E06 /* Extensions.swift in Sources */ = {isa = PBXBuildFile; fileRef = 4A2B2DBF2CF1F6FE00775E06 /* Extensions.swift */; };
		4A504B9A2CE52B510068F22B /* 6 Man.mp3 in Resources */ = {isa = PBXBuildFile; fileRef = 4A504B992CE52B500068F22B /* 6 Man.mp3 */; };
		4A504B9C2CE52B5E0068F22B /* More.mp3 in Resources */ = {isa = PBXBuildFile; fileRef = 4A504B9B2CE52B5E0068F22B /* More.mp3 */; };
		4A504B9E2CE52D7A0068F22B /* ViewController.swift in Sources */ = {isa = PBXBuildFile; fileRef = 4A504B9D2CE52D7A0068F22B /* ViewController.swift */; };
		4A504BA22CE68C770068F22B /* Танцуй сама.mp3 in Resources */ = {isa = PBXBuildFile; fileRef = 4A504BA12CE68C770068F22B /* Танцуй сама.mp3 */; };
		4ACC09062CF7BBCF00E754C0 /* Afterglow.mp3 in Resources */ = {isa = PBXBuildFile; fileRef = 4ACC09052CF7BBCF00E754C0 /* Afterglow.mp3 */; };
		4ACC09082CF7C04D00E754C0 /* Where This Flower Blooms.mp3 in Resources */ = {isa = PBXBuildFile; fileRef = 4ACC09072CF7C04D00E754C0 /* Where This Flower Blooms.mp3 */; };
		4AF775772CDA9BB800790229 /* PlayerViewController.swift in Sources */ = {isa = PBXBuildFile; fileRef = 4AF775762CDA9BB800790229 /* PlayerViewController.swift */; };
/* End PBXBuildFile section */

/* Begin PBXFileReference section */
		4A09817A2CD50ECA00B00025 /* MusicPlayer.app */ = {isa = PBXFileReference; explicitFileType = wrapper.application; includeInIndex = 0; path = MusicPlayer.app; sourceTree = BUILT_PRODUCTS_DIR; };
		4A09817D2CD50ECA00B00025 /* AppDelegate.swift */ = {isa = PBXFileReference; lastKnownFileType = sourcecode.swift; path = AppDelegate.swift; sourceTree = "<group>"; };
		4A09817F2CD50ECA00B00025 /* SceneDelegate.swift */ = {isa = PBXFileReference; lastKnownFileType = sourcecode.swift; path = SceneDelegate.swift; sourceTree = "<group>"; };
		4A0981842CD50ECA00B00025 /* Base */ = {isa = PBXFileReference; lastKnownFileType = file.storyboard; name = Base; path = Base.lproj/Main.storyboard; sourceTree = "<group>"; };
		4A0981862CD50ECC00B00025 /* Assets.xcassets */ = {isa = PBXFileReference; lastKnownFileType = folder.assetcatalog; path = Assets.xcassets; sourceTree = "<group>"; };
		4A0981892CD50ECC00B00025 /* Base */ = {isa = PBXFileReference; lastKnownFileType = file.storyboard; name = Base; path = Base.lproj/LaunchScreen.storyboard; sourceTree = "<group>"; };
		4A09818B2CD50ECC00B00025 /* Info.plist */ = {isa = PBXFileReference; lastKnownFileType = text.plist.xml; path = Info.plist; sourceTree = "<group>"; };
		4A2B2DB92CEFB09D00775E06 /* UIImageColors.swift */ = {isa = PBXFileReference; fileEncoding = 4; lastKnownFileType = sourcecode.swift; path = UIImageColors.swift; sourceTree = "<group>"; };
		4A2B2DBB2CF1F44200775E06 /* Koster.mp3 */ = {isa = PBXFileReference; lastKnownFileType = audio.mp3; path = Koster.mp3; sourceTree = "<group>"; };
		4A2B2DBF2CF1F6FE00775E06 /* Extensions.swift */ = {isa = PBXFileReference; lastKnownFileType = sourcecode.swift; path = Extensions.swift; sourceTree = "<group>"; };
		4A504B992CE52B500068F22B /* 6 Man.mp3 */ = {isa = PBXFileReference; lastKnownFileType = audio.mp3; path = "6 Man.mp3"; sourceTree = "<group>"; };
		4A504B9B2CE52B5E0068F22B /* More.mp3 */ = {isa = PBXFileReference; lastKnownFileType = audio.mp3; path = More.mp3; sourceTree = "<group>"; };
		4A504B9D2CE52D7A0068F22B /* ViewController.swift */ = {isa = PBXFileReference; lastKnownFileType = sourcecode.swift; path = ViewController.swift; sourceTree = "<group>"; };
		4A504BA12CE68C770068F22B /* Танцуй сама.mp3 */ = {isa = PBXFileReference; lastKnownFileType = audio.mp3; path = "Танцуй сама.mp3"; sourceTree = "<group>"; };
		4ACC09052CF7BBCF00E754C0 /* Afterglow.mp3 */ = {isa = PBXFileReference; lastKnownFileType = audio.mp3; path = Afterglow.mp3; sourceTree = "<group>"; };
		4ACC09072CF7C04D00E754C0 /* Where This Flower Blooms.mp3 */ = {isa = PBXFileReference; lastKnownFileType = audio.mp3; path = "Where This Flower Blooms.mp3"; sourceTree = "<group>"; };
		4AF775762CDA9BB800790229 /* PlayerViewController.swift */ = {isa = PBXFileReference; lastKnownFileType = sourcecode.swift; path = PlayerViewController.swift; sourceTree = "<group>"; };
/* End PBXFileReference section */

/* Begin PBXFrameworksBuildPhase section */
		4A0981772CD50ECA00B00025 /* Frameworks */ = {
			isa = PBXFrameworksBuildPhase;
			buildActionMask = 2147483647;
			files = (
			);
			runOnlyForDeploymentPostprocessing = 0;
		};
/* End PBXFrameworksBuildPhase section */

/* Begin PBXGroup section */
		4A0981712CD50ECA00B00025 = {
			isa = PBXGroup;
			children = (
				4A0981862CD50ECC00B00025 /* Assets.xcassets */,
				4ACC09102CF88A1400E754C0 /* Extensions */,
				4ACC090D2CF888DE00E754C0 /* Audio */,
				4ACC090A2CF8862800E754C0 /* Resources */,
				4ACC09092CF885E700E754C0 /* Controllers */,
				4A09817F2CD50ECA00B00025 /* SceneDelegate.swift */,
				4A09817D2CD50ECA00B00025 /* AppDelegate.swift */,
				4A09817B2CD50ECA00B00025 /* Products */,
			);
			sourceTree = "<group>";
		};
		4A09817B2CD50ECA00B00025 /* Products */ = {
			isa = PBXGroup;
			children = (
				4A09817A2CD50ECA00B00025 /* MusicPlayer.app */,
			);
			name = Products;
			sourceTree = "<group>";
		};
		4ACC09092CF885E700E754C0 /* Controllers */ = {
			isa = PBXGroup;
			children = (
				4AF775762CDA9BB800790229 /* PlayerViewController.swift */,
				4A504B9D2CE52D7A0068F22B /* ViewController.swift */,
			);
			path = Controllers;
			sourceTree = "<group>";
		};
		4ACC090A2CF8862800E754C0 /* Resources */ = {
			isa = PBXGroup;
			children = (
				4A0981832CD50ECA00B00025 /* Main.storyboard */,
				4A0981882CD50ECC00B00025 /* LaunchScreen.storyboard */,
				4A09818B2CD50ECC00B00025 /* Info.plist */,
			);
			path = Resources;
			sourceTree = "<group>";
		};
		4ACC090D2CF888DE00E754C0 /* Audio */ = {
			isa = PBXGroup;
			children = (
				4ACC090F2CF888FA00E754C0 /* Effects */,
				4ACC090E2CF888EA00E754C0 /* Tracks */,
			);
			path = Audio;
			sourceTree = "<group>";
		};
		4ACC090E2CF888EA00E754C0 /* Tracks */ = {
			isa = PBXGroup;
			children = (
				4ACC09052CF7BBCF00E754C0 /* Afterglow.mp3 */,
				4A2B2DBB2CF1F44200775E06 /* Koster.mp3 */,
				4ACC09072CF7C04D00E754C0 /* Where This Flower Blooms.mp3 */,
				4A504B992CE52B500068F22B /* 6 Man.mp3 */,
				4A504B9B2CE52B5E0068F22B /* More.mp3 */,
				4A504BA12CE68C770068F22B /* Танцуй сама.mp3 */,
			);
			path = Tracks;
			sourceTree = "<group>";
		};
		4ACC090F2CF888FA00E754C0 /* Effects */ = {
			isa = PBXGroup;
			children = (
			);
			path = Effects;
			sourceTree = "<group>";
		};
		4ACC09102CF88A1400E754C0 /* Extensions */ = {
			isa = PBXGroup;
			children = (
				4ACC09112CF88A2C00E754C0 /* UIImageColors */,
			);
			path = Extensions;
			sourceTree = "<group>";
		};
		4ACC09112CF88A2C00E754C0 /* UIImageColors */ = {
			isa = PBXGroup;
			children = (
				4A2B2DBF2CF1F6FE00775E06 /* Extensions.swift */,
				4A2B2DB92CEFB09D00775E06 /* UIImageColors.swift */,
			);
			path = UIImageColors;
			sourceTree = "<group>";
		};
/* End PBXGroup section */

/* Begin PBXNativeTarget section */
		4A0981792CD50ECA00B00025 /* MusicPlayer */ = {
			isa = PBXNativeTarget;
			buildConfigurationList = 4A09818E2CD50ECC00B00025 /* Build configuration list for PBXNativeTarget "MusicPlayer" */;
			buildPhases = (
				4A0981762CD50ECA00B00025 /* Sources */,
				4A0981772CD50ECA00B00025 /* Frameworks */,
				4A0981782CD50ECA00B00025 /* Resources */,
			);
			buildRules = (
			);
			dependencies = (
			);
			name = MusicPlayer;
			productName = MusicPlayer;
			productReference = 4A09817A2CD50ECA00B00025 /* MusicPlayer.app */;
			productType = "com.apple.product-type.application";
		};
/* End PBXNativeTarget section */

/* Begin PBXProject section */
		4A0981722CD50ECA00B00025 /* Project object */ = {
			isa = PBXProject;
			attributes = {
				BuildIndependentTargetsInParallel = 1;
				LastSwiftUpdateCheck = 1540;
				LastUpgradeCheck = 1540;
				TargetAttributes = {
					4A0981792CD50ECA00B00025 = {
						CreatedOnToolsVersion = 15.4;
					};
				};
			};
			buildConfigurationList = 4A0981752CD50ECA00B00025 /* Build configuration list for PBXProject "MusicPlayer" */;
			compatibilityVersion = "Xcode 14.0";
			developmentRegion = en;
			hasScannedForEncodings = 0;
			knownRegions = (
				en,
				Base,
			);
			mainGroup = 4A0981712CD50ECA00B00025;
			productRefGroup = 4A09817B2CD50ECA00B00025 /* Products */;
			projectDirPath = "";
			projectRoot = "";
			targets = (
				4A0981792CD50ECA00B00025 /* MusicPlayer */,
			);
		};
/* End PBXProject section */

/* Begin PBXResourcesBuildPhase section */
		4A0981782CD50ECA00B00025 /* Resources */ = {
			isa = PBXResourcesBuildPhase;
			buildActionMask = 2147483647;
			files = (
				4A0981872CD50ECC00B00025 /* Assets.xcassets in Resources */,
				4A504B9A2CE52B510068F22B /* 6 Man.mp3 in Resources */,
				4A504B9C2CE52B5E0068F22B /* More.mp3 in Resources */,
				4A09818A2CD50ECC00B00025 /* Base in Resources */,
				4A2B2DBD2CF1F44200775E06 /* Koster.mp3 in Resources */,
				4A0981852CD50ECA00B00025 /* Base in Resources */,
				4ACC09062CF7BBCF00E754C0 /* Afterglow.mp3 in Resources */,
				4ACC09082CF7C04D00E754C0 /* Where This Flower Blooms.mp3 in Resources */,
				4A504BA22CE68C770068F22B /* Танцуй сама.mp3 in Resources */,
			);
			runOnlyForDeploymentPostprocessing = 0;
		};
/* End PBXResourcesBuildPhase section */

/* Begin PBXSourcesBuildPhase section */
		4A0981762CD50ECA00B00025 /* Sources */ = {
			isa = PBXSourcesBuildPhase;
			buildActionMask = 2147483647;
			files = (
				4AF775772CDA9BB800790229 /* PlayerViewController.swift in Sources */,
				4A2B2DC02CF1F6FE00775E06 /* Extensions.swift in Sources */,
				4A09817E2CD50ECA00B00025 /* AppDelegate.swift in Sources */,
				4A504B9E2CE52D7A0068F22B /* ViewController.swift in Sources */,
				4A0981802CD50ECA00B00025 /* SceneDelegate.swift in Sources */,
				4A2B2DBA2CEFB09D00775E06 /* UIImageColors.swift in Sources */,
			);
			runOnlyForDeploymentPostprocessing = 0;
		};
/* End PBXSourcesBuildPhase section */

/* Begin PBXVariantGroup section */
		4A0981832CD50ECA00B00025 /* Main.storyboard */ = {
			isa = PBXVariantGroup;
			children = (
				4A0981842CD50ECA00B00025 /* Base */,
			);
			name = Main.storyboard;
			sourceTree = "<group>";
		};
		4A0981882CD50ECC00B00025 /* LaunchScreen.storyboard */ = {
			isa = PBXVariantGroup;
			children = (
				4A0981892CD50ECC00B00025 /* Base */,
			);
			name = LaunchScreen.storyboard;
			sourceTree = "<group>";
		};
/* End PBXVariantGroup section */

/* Begin XCBuildConfiguration section */
		4A09818C2CD50ECC00B00025 /* Debug */ = {
			isa = XCBuildConfiguration;
			buildSettings = {
				ALWAYS_SEARCH_USER_PATHS = NO;
				ASSETCATALOG_COMPILER_GENERATE_SWIFT_ASSET_SYMBOL_EXTENSIONS = YES;
				CLANG_ANALYZER_NONNULL = YES;
				CLANG_ANALYZER_NUMBER_OBJECT_CONVERSION = YES_AGGRESSIVE;
				CLANG_CXX_LANGUAGE_STANDARD = "gnu++20";
				CLANG_ENABLE_MODULES = YES;
				CLANG_ENABLE_OBJC_ARC = YES;
				CLANG_ENABLE_OBJC_WEAK = YES;
				CLANG_WARN_BLOCK_CAPTURE_AUTORELEASING = YES;
				CLANG_WARN_BOOL_CONVERSION = YES;
				CLANG_WARN_COMMA = YES;
				CLANG_WARN_CONSTANT_CONVERSION = YES;
				CLANG_WARN_DEPRECATED_OBJC_IMPLEMENTATIONS = YES;
				CLANG_WARN_DIRECT_OBJC_ISA_USAGE = YES_ERROR;
				CLANG_WARN_DOCUMENTATION_COMMENTS = YES;
				CLANG_WARN_EMPTY_BODY = YES;
				CLANG_WARN_ENUM_CONVERSION = YES;
				CLANG_WARN_INFINITE_RECURSION = YES;
				CLANG_WARN_INT_CONVERSION = YES;
				CLANG_WARN_NON_LITERAL_NULL_CONVERSION = YES;
				CLANG_WARN_OBJC_IMPLICIT_RETAIN_SELF = YES;
				CLANG_WARN_OBJC_LITERAL_CONVERSION = YES;
				CLANG_WARN_OBJC_ROOT_CLASS = YES_ERROR;
				CLANG_WARN_QUOTED_INCLUDE_IN_FRAMEWORK_HEADER = YES;
				CLANG_WARN_RANGE_LOOP_ANALYSIS = YES;
				CLANG_WARN_STRICT_PROTOTYPES = YES;
				CLANG_WARN_SUSPICIOUS_MOVE = YES;
				CLANG_WARN_UNGUARDED_AVAILABILITY = YES_AGGRESSIVE;
				CLANG_WARN_UNREACHABLE_CODE = YES;
				CLANG_WARN__DUPLICATE_METHOD_MATCH = YES;
				COPY_PHASE_STRIP = NO;
				DEBUG_INFORMATION_FORMAT = dwarf;
				ENABLE_STRICT_OBJC_MSGSEND = YES;
				ENABLE_TESTABILITY = YES;
				ENABLE_USER_SCRIPT_SANDBOXING = YES;
				GCC_C_LANGUAGE_STANDARD = gnu17;
				GCC_DYNAMIC_NO_PIC = NO;
				GCC_NO_COMMON_BLOCKS = YES;
				GCC_OPTIMIZATION_LEVEL = 0;
				GCC_PREPROCESSOR_DEFINITIONS = (
					"DEBUG=1",
					"$(inherited)",
				);
				GCC_WARN_64_TO_32_BIT_CONVERSION = YES;
				GCC_WARN_ABOUT_RETURN_TYPE = YES_ERROR;
				GCC_WARN_UNDECLARED_SELECTOR = YES;
				GCC_WARN_UNINITIALIZED_AUTOS = YES_AGGRESSIVE;
				GCC_WARN_UNUSED_FUNCTION = YES;
				GCC_WARN_UNUSED_VARIABLE = YES;
				IPHONEOS_DEPLOYMENT_TARGET = 17.5;
				LOCALIZATION_PREFERS_STRING_CATALOGS = YES;
				MTL_ENABLE_DEBUG_INFO = INCLUDE_SOURCE;
				MTL_FAST_MATH = YES;
				ONLY_ACTIVE_ARCH = YES;
				SDKROOT = iphoneos;
				SWIFT_ACTIVE_COMPILATION_CONDITIONS = "DEBUG $(inherited)";
				SWIFT_OPTIMIZATION_LEVEL = "-Onone";
			};
			name = Debug;
		};
		4A09818D2CD50ECC00B00025 /* Release */ = {
			isa = XCBuildConfiguration;
			buildSettings = {
				ALWAYS_SEARCH_USER_PATHS = NO;
				ASSETCATALOG_COMPILER_GENERATE_SWIFT_ASSET_SYMBOL_EXTENSIONS = YES;
				CLANG_ANALYZER_NONNULL = YES;
				CLANG_ANALYZER_NUMBER_OBJECT_CONVERSION = YES_AGGRESSIVE;
				CLANG_CXX_LANGUAGE_STANDARD = "gnu++20";
				CLANG_ENABLE_MODULES = YES;
				CLANG_ENABLE_OBJC_ARC = YES;
				CLANG_ENABLE_OBJC_WEAK = YES;
				CLANG_WARN_BLOCK_CAPTURE_AUTORELEASING = YES;
				CLANG_WARN_BOOL_CONVERSION = YES;
				CLANG_WARN_COMMA = YES;
				CLANG_WARN_CONSTANT_CONVERSION = YES;
				CLANG_WARN_DEPRECATED_OBJC_IMPLEMENTATIONS = YES;
				CLANG_WARN_DIRECT_OBJC_ISA_USAGE = YES_ERROR;
				CLANG_WARN_DOCUMENTATION_COMMENTS = YES;
				CLANG_WARN_EMPTY_BODY = YES;
				CLANG_WARN_ENUM_CONVERSION = YES;
				CLANG_WARN_INFINITE_RECURSION = YES;
				CLANG_WARN_INT_CONVERSION = YES;
				CLANG_WARN_NON_LITERAL_NULL_CONVERSION = YES;
				CLANG_WARN_OBJC_IMPLICIT_RETAIN_SELF = YES;
				CLANG_WARN_OBJC_LITERAL_CONVERSION = YES;
				CLANG_WARN_OBJC_ROOT_CLASS = YES_ERROR;
				CLANG_WARN_QUOTED_INCLUDE_IN_FRAMEWORK_HEADER = YES;
				CLANG_WARN_RANGE_LOOP_ANALYSIS = YES;
				CLANG_WARN_STRICT_PROTOTYPES = YES;
				CLANG_WARN_SUSPICIOUS_MOVE = YES;
				CLANG_WARN_UNGUARDED_AVAILABILITY = YES_AGGRESSIVE;
				CLANG_WARN_UNREACHABLE_CODE = YES;
				CLANG_WARN__DUPLICATE_METHOD_MATCH = YES;
				COPY_PHASE_STRIP = NO;
				DEBUG_INFORMATION_FORMAT = "dwarf-with-dsym";
				ENABLE_NS_ASSERTIONS = NO;
				ENABLE_STRICT_OBJC_MSGSEND = YES;
				ENABLE_USER_SCRIPT_SANDBOXING = YES;
				GCC_C_LANGUAGE_STANDARD = gnu17;
				GCC_NO_COMMON_BLOCKS = YES;
				GCC_WARN_64_TO_32_BIT_CONVERSION = YES;
				GCC_WARN_ABOUT_RETURN_TYPE = YES_ERROR;
				GCC_WARN_UNDECLARED_SELECTOR = YES;
				GCC_WARN_UNINITIALIZED_AUTOS = YES_AGGRESSIVE;
				GCC_WARN_UNUSED_FUNCTION = YES;
				GCC_WARN_UNUSED_VARIABLE = YES;
				IPHONEOS_DEPLOYMENT_TARGET = 17.5;
				LOCALIZATION_PREFERS_STRING_CATALOGS = YES;
				MTL_ENABLE_DEBUG_INFO = NO;
				MTL_FAST_MATH = YES;
				SDKROOT = iphoneos;
				SWIFT_COMPILATION_MODE = wholemodule;
				VALIDATE_PRODUCT = YES;
			};
			name = Release;
		};
		4A09818F2CD50ECC00B00025 /* Debug */ = {
			isa = XCBuildConfiguration;
			buildSettings = {
				ASSETCATALOG_COMPILER_APPICON_NAME = AppIcon;
				ASSETCATALOG_COMPILER_GLOBAL_ACCENT_COLOR_NAME = AccentColor;
				CODE_SIGN_STYLE = Automatic;
				CURRENT_PROJECT_VERSION = 1;
				DEVELOPMENT_TEAM = 3ACD537AT8;
				GENERATE_INFOPLIST_FILE = YES;
				INFOPLIST_FILE = Resources/Info.plist;
				INFOPLIST_KEY_UIApplicationSupportsIndirectInputEvents = YES;
				INFOPLIST_KEY_UILaunchStoryboardName = LaunchScreen;
				INFOPLIST_KEY_UIMainStoryboardFile = Main;
				INFOPLIST_KEY_UISupportedInterfaceOrientations_iPad = "UIInterfaceOrientationPortrait UIInterfaceOrientationPortraitUpsideDown UIInterfaceOrientationLandscapeLeft UIInterfaceOrientationLandscapeRight";
				INFOPLIST_KEY_UISupportedInterfaceOrientations_iPhone = "UIInterfaceOrientationPortrait UIInterfaceOrientationLandscapeLeft UIInterfaceOrientationLandscapeRight";
				LD_RUNPATH_SEARCH_PATHS = (
					"$(inherited)",
					"@executable_path/Frameworks",
				);
				MARKETING_VERSION = 1.0;
				PRODUCT_BUNDLE_IDENTIFIER = "-8.MusicPlayer";
				PRODUCT_NAME = "$(TARGET_NAME)";
				SWIFT_EMIT_LOC_STRINGS = YES;
				SWIFT_VERSION = 5.0;
				TARGETED_DEVICE_FAMILY = "1,2";
			};
			name = Debug;
		};
		4A0981902CD50ECC00B00025 /* Release */ = {
			isa = XCBuildConfiguration;
			buildSettings = {
				ASSETCATALOG_COMPILER_APPICON_NAME = AppIcon;
				ASSETCATALOG_COMPILER_GLOBAL_ACCENT_COLOR_NAME = AccentColor;
				CODE_SIGN_STYLE = Automatic;
				CURRENT_PROJECT_VERSION = 1;
				DEVELOPMENT_TEAM = 3ACD537AT8;
				GENERATE_INFOPLIST_FILE = YES;
				INFOPLIST_FILE = Resources/Info.plist;
				INFOPLIST_KEY_UIApplicationSupportsIndirectInputEvents = YES;
				INFOPLIST_KEY_UILaunchStoryboardName = LaunchScreen;
				INFOPLIST_KEY_UIMainStoryboardFile = Main;
				INFOPLIST_KEY_UISupportedInterfaceOrientations_iPad = "UIInterfaceOrientationPortrait UIInterfaceOrientationPortraitUpsideDown UIInterfaceOrientationLandscapeLeft UIInterfaceOrientationLandscapeRight";
				INFOPLIST_KEY_UISupportedInterfaceOrientations_iPhone = "UIInterfaceOrientationPortrait UIInterfaceOrientationLandscapeLeft UIInterfaceOrientationLandscapeRight";
				LD_RUNPATH_SEARCH_PATHS = (
					"$(inherited)",
					"@executable_path/Frameworks",
				);
				MARKETING_VERSION = 1.0;
				PRODUCT_BUNDLE_IDENTIFIER = "-8.MusicPlayer";
				PRODUCT_NAME = "$(TARGET_NAME)";
				SWIFT_EMIT_LOC_STRINGS = YES;
				SWIFT_VERSION = 5.0;
				TARGETED_DEVICE_FAMILY = "1,2";
			};
			name = Release;
		};
/* End XCBuildConfiguration section */

/* Begin XCConfigurationList section */
		4A0981752CD50ECA00B00025 /* Build configuration list for PBXProject "MusicPlayer" */ = {
			isa = XCConfigurationList;
			buildConfigurations = (
				4A09818C2CD50ECC00B00025 /* Debug */,
				4A09818D2CD50ECC00B00025 /* Release */,
			);
			defaultConfigurationIsVisible = 0;
			defaultConfigurationName = Release;
		};
		4A09818E2CD50ECC00B00025 /* Build configuration list for PBXNativeTarget "MusicPlayer" */ = {
			isa = XCConfigurationList;
			buildConfigurations = (
				4A09818F2CD50ECC00B00025 /* Debug */,
				4A0981902CD50ECC00B00025 /* Release */,
			);
			defaultConfigurationIsVisible = 0;
			defaultConfigurationName = Release;
		};
/* End XCConfigurationList section */
	};
	rootObject = 4A0981722CD50ECA00B00025 /* Project object */;
}
